
Microsoft Visual Studio Solution File, Format Version 12.00
# Visual Studio Version 17
VisualStudioVersion = 17.10.35122.118
MinimumVisualStudioVersion = 10.0.40219.1
Project("{9A19103F-16F7-4668-BE54-9A1E7A4F7556}") = "DemoBusinessLogicLayer", "DemoBusinessLogicLayer\DemoBusinessLogicLayer.csproj", "{ECEEA300-AC3D-40FA-AB5F-BC1101947C46}"
EndProject
Project("{9A19103F-16F7-4668-BE54-9A1E7A4F7556}") = "DemoDataAccessLayer", "DemoDataAccessLayer\DemoDataAccessLayer.csproj", "{EE67E4D2-65C5-44DD-B996-1C68A80FDD3B}"
EndProject
Project("{9A19103F-16F7-4668-BE54-9A1E7A4F7556}") = "DemoPresentationLayer", "DemoPresentationLayer\DemoPresentationLayer.csproj", "{CA420350-360A-4C7B-A786-C90499E77571}"
EndProject
Global
	GlobalSection(SolutionConfigurationPlatforms) = preSolution
		Debug|Any CPU = Debug|Any CPU
		Release|Any CPU = Release|Any CPU
	EndGlobalSection
	GlobalSection(ProjectConfigurationPlatforms) = postSolution
		{ECEEA300-AC3D-40FA-AB5F-BC1101947C46}.Debug|Any CPU.ActiveCfg = Debug|Any CPU
		{ECEEA300-AC3D-40FA-AB5F-BC1101947C46}.Debug|Any CPU.Build.0 = Debug|Any CPU
		{ECEEA300-AC3D-40FA-AB5F-BC1101947C46}.Release|Any CPU.ActiveCfg = Release|Any CPU
		{ECEEA300-AC3D-40FA-AB5F-BC1101947C46}.Release|Any CPU.Build.0 = Release|Any CPU
		{EE67E4D2-65C5-44DD-B996-1C68A80FDD3B}.Debug|Any CPU.ActiveCfg = Debug|Any CPU
		{EE67E4D2-65C5-44DD-B996-1C68A80FDD3B}.Debug|Any CPU.Build.0 = Debug|Any CPU
		{EE67E4D2-65C5-44DD-B996-1C68A80FDD3B}.Release|Any CPU.ActiveCfg = Release|Any CPU
		{EE67E4D2-65C5-44DD-B996-1C68A80FDD3B}.Release|Any CPU.Build.0 = Release|Any CPU
		{CA420350-360A-4C7B-A786-C90499E77571}.Debug|Any CPU.ActiveCfg = Debug|Any CPU
		{CA420350-360A-4C7B-A786-C90499E77571}.Debug|Any CPU.Build.0 = Debug|Any CPU
		{CA420350-360A-4C7B-A786-C90499E77571}.Release|Any CPU.ActiveCfg = Release|Any CPU
		{CA420350-360A-4C7B-A786-C90499E77571}.Release|Any CPU.Build.0 = Release|Any CPU
	EndGlobalSection
	GlobalSection(SolutionProperties) = preSolution
		HideSolutionNode = FALSE
	EndGlobalSection
	GlobalSection(ExtensibilityGlobals) = postSolution
		SolutionGuid = {D63918B2-A812-44A9-A595-CA17FE574BB4}
	EndGlobalSection
EndGlobal
